
Microsoft Visual Studio Solution File, Format Version 12.00
# Visual Studio Version 16
VisualStudioVersion = 16.0.30002.166
MinimumVisualStudioVersion = 10.0.40219.1
Project("{9A19103F-16F7-4668-BE54-9A1E7A4F7556}") = "DonationApp", "DonationApp\DonationApp.csproj", "{6F510508-BBD3-461B-8897-A6BCDDF746E0}"
EndProject
Global
	GlobalSection(SolutionConfigurationPlatforms) = preSolution
		Debug|Any CPU = Debug|Any CPU
		Release|Any CPU = Release|Any CPU
	EndGlobalSection
	GlobalSection(ProjectConfigurationPlatforms) = postSolution
		{6F510508-BBD3-461B-8897-A6BCDDF746E0}.Debug|Any CPU.ActiveCfg = Debug|Any CPU
		{6F510508-BBD3-461B-8897-A6BCDDF746E0}.Debug|Any CPU.Build.0 = Debug|Any CPU
		{6F510508-BBD3-461B-8897-A6BCDDF746E0}.Release|Any CPU.ActiveCfg = Release|Any CPU
		{6F510508-BBD3-461B-8897-A6BCDDF746E0}.Release|Any CPU.Build.0 = Release|Any CPU
	EndGlobalSection
	GlobalSection(SolutionProperties) = preSolution
		HideSolutionNode = FALSE
	EndGlobalSection
	GlobalSection(ExtensibilityGlobals) = postSolution
		SolutionGuid = {3F22C135-1D21-4BB4-9BFB-95EB1D461D8F}
	EndGlobalSection
EndGlobal
